PODS:
  - boost-for-react-native (1.63.0)
  - BVLinearGradient (2.5.6):
    - React
  - CocoaAsyncSocket (7.6.5)
  - DoubleConversion (1.1.6)
  - FBLazyVector (0.65.0)
  - FBReactNativeSpec (0.65.0):
    - RCT-Folly (= 2021.04.26.00)
    - RCTRequired (= 0.65.0)
    - RCTTypeSafety (= 0.65.0)
    - React-Core (= 0.65.0)
    - React-jsi (= 0.65.0)
    - ReactCommon/turbomodule/core (= 0.65.0)
  - Flipper (0.93.0):
    - Flipper-Folly (~> 2.6)
    - Flipper-RSocket (~> 1.4)
  - Flipper-Boost-iOSX (1.76.0.1.11)
  - Flipper-DoubleConversion (3.1.7)
  - Flipper-Fmt (7.1.7)
  - Flipper-Folly (2.6.7):
    - Flipper-Boost-iOSX
    - Flipper-DoubleConversion
    - Flipper-Fmt (= 7.1.7)
    - Flipper-Glog
    - libevent (~> 2.1.12)
    - OpenSSL-Universal (= 1.1.180)
  - Flipper-Glog (0.3.6)
  - Flipper-PeerTalk (0.0.4)
  - Flipper-RSocket (1.4.3):
    - Flipper-Folly (~> 2.6)
  - FlipperKit (0.93.0):
    - FlipperKit/Core (= 0.93.0)
  - FlipperKit/Core (0.93.0):
    - Flipper (~> 0.93.0)
    - FlipperKit/CppBridge
    - FlipperKit/FBCxxFollyDynamicConvert
    - FlipperKit/FBDefines
    - FlipperKit/FKPortForwarding
  - FlipperKit/CppBridge (0.93.0):
    - Flipper (~> 0.93.0)
  - FlipperKit/FBCxxFollyDynamicConvert (0.93.0):
    - Flipper-Folly (~> 2.6)
  - FlipperKit/FBDefines (0.93.0)
  - FlipperKit/FKPortForwarding (0.93.0):
    - CocoaAsyncSocket (~> 7.6)
    - Flipper-PeerTalk (~> 0.0.4)
  - FlipperKit/FlipperKitHighlightOverlay (0.93.0)
  - FlipperKit/FlipperKitLayoutHelpers (0.93.0):
    - FlipperKit/Core
    - FlipperKit/FlipperKitHighlightOverlay
    - FlipperKit/FlipperKitLayoutTextSearchable
  - FlipperKit/FlipperKitLayoutIOSDescriptors (0.93.0):
    - FlipperKit/Core
    - FlipperKit/FlipperKitHighlightOverlay
    - FlipperKit/FlipperKitLayoutHelpers
    - YogaKit (~> 1.18)
  - FlipperKit/FlipperKitLayoutPlugin (0.93.0):
    - FlipperKit/Core
    - FlipperKit/FlipperKitHighlightOverlay
    - FlipperKit/FlipperKitLayoutHelpers
    - FlipperKit/FlipperKitLayoutIOSDescriptors
    - FlipperKit/FlipperKitLayoutTextSearchable
    - YogaKit (~> 1.18)
  - FlipperKit/FlipperKitLayoutTextSearchable (0.93.0)
  - FlipperKit/FlipperKitNetworkPlugin (0.93.0):
    - FlipperKit/Core
  - FlipperKit/FlipperKitReactPlugin (0.93.0):
    - FlipperKit/Core
  - FlipperKit/FlipperKitUserDefaultsPlugin (0.93.0):
    - FlipperKit/Core
  - FlipperKit/SKIOSNetworkPlugin (0.93.0):
    - FlipperKit/Core
    - FlipperKit/FlipperKitNetworkPlugin
  - fmt (6.2.1)
  - glog (0.3.5)
  - libevent (2.1.12)
  - libwebp (1.2.1):
    - libwebp/demux (= 1.2.1)
    - libwebp/mux (= 1.2.1)
    - libwebp/webp (= 1.2.1)
  - libwebp/demux (1.2.1):
    - libwebp/webp
  - libwebp/mux (1.2.1):
    - libwebp/demux
  - libwebp/webp (1.2.1)
  - lottie-ios (3.2.3)
  - lottie-react-native (4.1.3):
    - lottie-ios (~> 3.2.3)
    - React-Core
  - OneSignalXCFramework (3.8.1)
  - OpenSSL-Universal (1.1.180)
  - Permission-Camera (3.0.5):
    - RNPermissions
  - Permission-LocationAccuracy (3.0.5):
    - RNPermissions
  - Permission-LocationAlways (3.0.5):
    - RNPermissions
  - Permission-LocationWhenInUse (3.0.5):
    - RNPermissions
  - Permission-PhotoLibrary (3.0.5):
    - RNPermissions
  - RCT-Folly (2021.04.26.00):
    - boost-for-react-native
    - DoubleConversion
    - fmt (~> 6.2.1)
    - glog
    - RCT-Folly/Default (= 2021.04.26.00)
  - RCT-Folly/Default (2021.04.26.00):
    - boost-for-react-native
    - DoubleConversion
    - fmt (~> 6.2.1)
    - glog
  - RCTRequired (0.65.0)
  - RCTTypeSafety (0.65.0):
    - FBLazyVector (= 0.65.0)
    - RCT-Folly (= 2021.04.26.00)
    - RCTRequired (= 0.65.0)
    - React-Core (= 0.65.0)
  - React (0.65.0):
    - React-Core (= 0.65.0)
    - React-Core/DevSupport (= 0.65.0)
    - React-Core/RCTWebSocket (= 0.65.0)
    - React-RCTActionSheet (= 0.65.0)
    - React-RCTAnimation (= 0.65.0)
    - React-RCTBlob (= 0.65.0)
    - React-RCTImage (= 0.65.0)
    - React-RCTLinking (= 0.65.0)
    - React-RCTNetwork (= 0.65.0)
    - React-RCTSettings (= 0.65.0)
    - React-RCTText (= 0.65.0)
    - React-RCTVibration (= 0.65.0)
  - React-callinvoker (0.65.0)
  - React-Core (0.65.0):
    - glog
    - RCT-Folly (= 2021.04.26.00)
    - React-Core/Default (= 0.65.0)
    - React-cxxreact (= 0.65.0)
    - React-jsi (= 0.65.0)
    - React-jsiexecutor (= 0.65.0)
    - React-perflogger (= 0.65.0)
    - Yoga
  - React-Core/CoreModulesHeaders (0.65.0):
    - glog
    - RCT-Folly (= 2021.04.26.00)
    - React-Core/Default
    - React-cxxreact (= 0.65.0)
    - React-jsi (= 0.65.0)
    - React-jsiexecutor (= 0.65.0)
    - React-perflogger (= 0.65.0)
    - Yoga
  - React-Core/Default (0.65.0):
    - glog
    - RCT-Folly (= 2021.04.26.00)
    - React-cxxreact (= 0.65.0)
    - React-jsi (= 0.65.0)
    - React-jsiexecutor (= 0.65.0)
    - React-perflogger (= 0.65.0)
    - Yoga
  - React-Core/DevSupport (0.65.0):
    - glog
    - RCT-Folly (= 2021.04.26.00)
    - React-Core/Default (= 0.65.0)
    - React-Core/RCTWebSocket (= 0.65.0)
    - React-cxxreact (= 0.65.0)
    - React-jsi (= 0.65.0)
    - React-jsiexecutor (= 0.65.0)
    - React-jsinspector (= 0.65.0)
    - React-perflogger (= 0.65.0)
    - Yoga
  - React-Core/RCTActionSheetHeaders (0.65.0):
    - glog
    - RCT-Folly (= 2021.04.26.00)
    - React-Core/Default
    - React-cxxreact (= 0.65.0)
    - React-jsi (= 0.65.0)
    - React-jsiexecutor (= 0.65.0)
    - React-perflogger (= 0.65.0)
    - Yoga
  - React-Core/RCTAnimationHeaders (0.65.0):
    - glog
    - RCT-Folly (= 2021.04.26.00)
    - React-Core/Default
    - React-cxxreact (= 0.65.0)
    - React-jsi (= 0.65.0)
    - React-jsiexecutor (= 0.65.0)
    - React-perflogger (= 0.65.0)
    - Yoga
  - React-Core/RCTBlobHeaders (0.65.0):
    - glog
    - RCT-Folly (= 2021.04.26.00)
    - React-Core/Default
    - React-cxxreact (= 0.65.0)
    - React-jsi (= 0.65.0)
    - React-jsiexecutor (= 0.65.0)
    - React-perflogger (= 0.65.0)
    - Yoga
  - React-Core/RCTImageHeaders (0.65.0):
    - glog
    - RCT-Folly (= 2021.04.26.00)
    - React-Core/Default
    - React-cxxreact (= 0.65.0)
    - React-jsi (= 0.65.0)
    - React-jsiexecutor (= 0.65.0)
    - React-perflogger (= 0.65.0)
    - Yoga
  - React-Core/RCTLinkingHeaders (0.65.0):
    - glog
    - RCT-Folly (= 2021.04.26.00)
    - React-Core/Default
    - React-cxxreact (= 0.65.0)
    - React-jsi (= 0.65.0)
    - React-jsiexecutor (= 0.65.0)
    - React-perflogger (= 0.65.0)
    - Yoga
  - React-Core/RCTNetworkHeaders (0.65.0):
    - glog
    - RCT-Folly (= 2021.04.26.00)
    - React-Core/Default
    - React-cxxreact (= 0.65.0)
    - React-jsi (= 0.65.0)
    - React-jsiexecutor (= 0.65.0)
    - React-perflogger (= 0.65.0)
    - Yoga
  - React-Core/RCTSettingsHeaders (0.65.0):
    - glog
    - RCT-Folly (= 2021.04.26.00)
    - React-Core/Default
    - React-cxxreact (= 0.65.0)
    - React-jsi (= 0.65.0)
    - React-jsiexecutor (= 0.65.0)
    - React-perflogger (= 0.65.0)
    - Yoga
  - React-Core/RCTTextHeaders (0.65.0):
    - glog
    - RCT-Folly (= 2021.04.26.00)
    - React-Core/Default
    - React-cxxreact (= 0.65.0)
    - React-jsi (= 0.65.0)
    - React-jsiexecutor (= 0.65.0)
    - React-perflogger (= 0.65.0)
    - Yoga
  - React-Core/RCTVibrationHeaders (0.65.0):
    - glog
    - RCT-Folly (= 2021.04.26.00)
    - React-Core/Default
    - React-cxxreact (= 0.65.0)
    - React-jsi (= 0.65.0)
    - React-jsiexecutor (= 0.65.0)
    - React-perflogger (= 0.65.0)
    - Yoga
  - React-Core/RCTWebSocket (0.65.0):
    - glog
    - RCT-Folly (= 2021.04.26.00)
    - React-Core/Default (= 0.65.0)
    - React-cxxreact (= 0.65.0)
    - React-jsi (= 0.65.0)
    - React-jsiexecutor (= 0.65.0)
    - React-perflogger (= 0.65.0)
    - Yoga
  - React-CoreModules (0.65.0):
    - FBReactNativeSpec (= 0.65.0)
    - RCT-Folly (= 2021.04.26.00)
    - RCTTypeSafety (= 0.65.0)
    - React-Core/CoreModulesHeaders (= 0.65.0)
    - React-jsi (= 0.65.0)
    - React-RCTImage (= 0.65.0)
    - ReactCommon/turbomodule/core (= 0.65.0)
  - React-cxxreact (0.65.0):
    - boost-for-react-native (= 1.63.0)
    - DoubleConversion
    - glog
    - RCT-Folly (= 2021.04.26.00)
    - React-callinvoker (= 0.65.0)
    - React-jsi (= 0.65.0)
    - React-jsinspector (= 0.65.0)
    - React-perflogger (= 0.65.0)
    - React-runtimeexecutor (= 0.65.0)
  - React-jsi (0.65.0):
    - boost-for-react-native (= 1.63.0)
    - DoubleConversion
    - glog
    - RCT-Folly (= 2021.04.26.00)
    - React-jsi/Default (= 0.65.0)
  - React-jsi/Default (0.65.0):
    - boost-for-react-native (= 1.63.0)
    - DoubleConversion
    - glog
    - RCT-Folly (= 2021.04.26.00)
  - React-jsiexecutor (0.65.0):
    - DoubleConversion
    - glog
    - RCT-Folly (= 2021.04.26.00)
    - React-cxxreact (= 0.65.0)
    - React-jsi (= 0.65.0)
    - React-perflogger (= 0.65.0)
  - React-jsinspector (0.65.0)
  - react-native-camera (3.44.3):
    - React-Core
    - react-native-camera/RCT (= 3.44.3)
    - react-native-camera/RN (= 3.44.3)
  - react-native-camera/RCT (3.44.3):
    - React-Core
  - react-native-camera/RN (3.44.3):
    - React-Core
  - react-native-config (1.4.4):
    - react-native-config/App (= 1.4.4)
  - react-native-config/App (1.4.4):
    - React-Core
  - react-native-date-picker (3.4.3):
    - React-Core
  - react-native-geolocation-service (5.2.0):
    - React
  - react-native-image-picker (2.3.4):
    - React-Core
  - react-native-image-resizer (1.4.5):
    - React-Core
  - react-native-maps (0.27.1):
    - React
  - react-native-netinfo (5.9.10):
    - React-Core
  - react-native-onesignal (4.3.1):
    - OneSignalXCFramework (= 3.8.1)
    - React (< 1.0.0, >= 0.13.0)
  - react-native-safe-area-context (3.3.2):
    - React-Core
  - react-native-webview (10.10.2):
    - React-Core
  - React-perflogger (0.65.0)
  - React-RCTActionSheet (0.65.0):
    - React-Core/RCTActionSheetHeaders (= 0.65.0)
  - React-RCTAnimation (0.65.0):
    - FBReactNativeSpec (= 0.65.0)
    - RCT-Folly (= 2021.04.26.00)
    - RCTTypeSafety (= 0.65.0)
    - React-Core/RCTAnimationHeaders (= 0.65.0)
    - React-jsi (= 0.65.0)
    - ReactCommon/turbomodule/core (= 0.65.0)
  - React-RCTBlob (0.65.0):
    - FBReactNativeSpec (= 0.65.0)
    - RCT-Folly (= 2021.04.26.00)
    - React-Core/RCTBlobHeaders (= 0.65.0)
    - React-Core/RCTWebSocket (= 0.65.0)
    - React-jsi (= 0.65.0)
    - React-RCTNetwork (= 0.65.0)
    - ReactCommon/turbomodule/core (= 0.65.0)
  - React-RCTImage (0.65.0):
    - FBReactNativeSpec (= 0.65.0)
    - RCT-Folly (= 2021.04.26.00)
    - RCTTypeSafety (= 0.65.0)
    - React-Core/RCTImageHeaders (= 0.65.0)
    - React-jsi (= 0.65.0)
    - React-RCTNetwork (= 0.65.0)
    - ReactCommon/turbomodule/core (= 0.65.0)
  - React-RCTLinking (0.65.0):
    - FBReactNativeSpec (= 0.65.0)
    - React-Core/RCTLinkingHeaders (= 0.65.0)
    - React-jsi (= 0.65.0)
    - ReactCommon/turbomodule/core (= 0.65.0)
  - React-RCTNetwork (0.65.0):
    - FBReactNativeSpec (= 0.65.0)
    - RCT-Folly (= 2021.04.26.00)
    - RCTTypeSafety (= 0.65.0)
    - React-Core/RCTNetworkHeaders (= 0.65.0)
    - React-jsi (= 0.65.0)
    - ReactCommon/turbomodule/core (= 0.65.0)
  - React-RCTSettings (0.65.0):
    - FBReactNativeSpec (= 0.65.0)
    - RCT-Folly (= 2021.04.26.00)
    - RCTTypeSafety (= 0.65.0)
    - React-Core/RCTSettingsHeaders (= 0.65.0)
    - React-jsi (= 0.65.0)
    - ReactCommon/turbomodule/core (= 0.65.0)
  - React-RCTText (0.65.0):
    - React-Core/RCTTextHeaders (= 0.65.0)
  - React-RCTVibration (0.65.0):
    - FBReactNativeSpec (= 0.65.0)
    - RCT-Folly (= 2021.04.26.00)
    - React-Core/RCTVibrationHeaders (= 0.65.0)
    - React-jsi (= 0.65.0)
    - ReactCommon/turbomodule/core (= 0.65.0)
  - React-runtimeexecutor (0.65.0):
    - React-jsi (= 0.65.0)
  - ReactCommon/turbomodule/core (0.65.0):
    - DoubleConversion
    - glog
    - RCT-Folly (= 2021.04.26.00)
    - React-callinvoker (= 0.65.0)
    - React-Core (= 0.65.0)
    - React-cxxreact (= 0.65.0)
    - React-jsi (= 0.65.0)
    - React-perflogger (= 0.65.0)
  - RNBackgroundFetch (4.0.3):
    - React-Core
  - RNCAsyncStorage (1.12.1):
    - React-Core
  - RNCMaskedView (0.1.11):
    - React
  - RNCPicker (1.8.1):
    - React-Core
  - RNDateTimePicker (3.5.2):
    - React-Core
  - RNFastImage (8.5.11):
    - React-Core
    - SDWebImage (~> 5.11.1)
    - SDWebImageWebPCoder (~> 0.8.4)
  - RNFileViewer (2.1.4):
    - React-Core
  - RNFS (2.18.0):
    - React
  - RNGestureHandler (1.10.3):
    - React-Core
  - RNImageCropPicker (0.33.4):
    - React-Core
    - React-RCTImage
    - RNImageCropPicker/QBImagePickerController (= 0.33.4)
    - TOCropViewController
  - RNImageCropPicker/QBImagePickerController (0.33.4):
    - React-Core
    - React-RCTImage
    - TOCropViewController
  - RNPermissions (3.0.5):
    - React-Core
  - RNReanimated (1.13.3):
    - React-Core
  - RNScreens (2.18.1):
    - React-Core
  - RNSentry (1.9.0):
    - React-Core
    - Sentry (~> 5.2.0)
  - RNVectorIcons (7.1.0):
    - React
  - SDWebImage (5.11.1):
    - SDWebImage/Core (= 5.11.1)
  - SDWebImage/Core (5.11.1)
  - SDWebImageWebPCoder (0.8.4):
    - libwebp (~> 1.0)
    - SDWebImage/Core (~> 5.10)
  - Sentry (5.2.2):
    - Sentry/Core (= 5.2.2)
  - Sentry/Core (5.2.2)
  - TOCropViewController (2.6.0)
  - Yoga (1.14.0)
  - YogaKit (1.18.1):
    - Yoga (~> 1.14)

DEPENDENCIES:
  - BVLinearGradient (from `../node_modules/react-native-linear-gradient`)
  - DoubleConversion (from `../node_modules/react-native/third-party-podspecs/DoubleConversion.podspec`)
  - FBLazyVector (from `../node_modules/react-native/Libraries/FBLazyVector`)
  - FBReactNativeSpec (from `../node_modules/react-native/React/FBReactNativeSpec`)
  - Flipper (= 0.93.0)
  - Flipper-Boost-iOSX (= 1.76.0.1.11)
  - Flipper-DoubleConversion (= 3.1.7)
  - Flipper-Fmt (= 7.1.7)
  - Flipper-Folly (= 2.6.7)
  - Flipper-Glog (= 0.3.6)
  - Flipper-PeerTalk (= 0.0.4)
  - Flipper-RSocket (= 1.4.3)
  - FlipperKit (= 0.93.0)
  - FlipperKit/Core (= 0.93.0)
  - FlipperKit/CppBridge (= 0.93.0)
  - FlipperKit/FBCxxFollyDynamicConvert (= 0.93.0)
  - FlipperKit/FBDefines (= 0.93.0)
  - FlipperKit/FKPortForwarding (= 0.93.0)
  - FlipperKit/FlipperKitHighlightOverlay (= 0.93.0)
  - FlipperKit/FlipperKitLayoutPlugin (= 0.93.0)
  - FlipperKit/FlipperKitLayoutTextSearchable (= 0.93.0)
  - FlipperKit/FlipperKitNetworkPlugin (= 0.93.0)
  - FlipperKit/FlipperKitReactPlugin (= 0.93.0)
  - FlipperKit/FlipperKitUserDefaultsPlugin (= 0.93.0)
  - FlipperKit/SKIOSNetworkPlugin (= 0.93.0)
  - glog (from `../node_modules/react-native/third-party-podspecs/glog.podspec`)
  - lottie-ios (from `../node_modules/lottie-ios`)
  - lottie-react-native (from `../node_modules/lottie-react-native`)
  - Permission-Camera (from `../node_modules/react-native-permissions/ios/Camera`)
  - Permission-LocationAccuracy (from `../node_modules/react-native-permissions/ios/LocationAccuracy`)
  - Permission-LocationAlways (from `../node_modules/react-native-permissions/ios/LocationAlways`)
  - Permission-LocationWhenInUse (from `../node_modules/react-native-permissions/ios/LocationWhenInUse`)
  - Permission-PhotoLibrary (from `../node_modules/react-native-permissions/ios/PhotoLibrary`)
  - RCT-Folly (from `../node_modules/react-native/third-party-podspecs/RCT-Folly.podspec`)
  - RCTRequired (from `../node_modules/react-native/Libraries/RCTRequired`)
  - RCTTypeSafety (from `../node_modules/react-native/Libraries/TypeSafety`)
  - React (from `../node_modules/react-native/`)
  - React-callinvoker (from `../node_modules/react-native/ReactCommon/callinvoker`)
  - React-Core (from `../node_modules/react-native/`)
  - React-Core/DevSupport (from `../node_modules/react-native/`)
  - React-Core/RCTWebSocket (from `../node_modules/react-native/`)
  - React-CoreModules (from `../node_modules/react-native/React/CoreModules`)
  - React-cxxreact (from `../node_modules/react-native/ReactCommon/cxxreact`)
  - React-jsi (from `../node_modules/react-native/ReactCommon/jsi`)
  - React-jsiexecutor (from `../node_modules/react-native/ReactCommon/jsiexecutor`)
  - React-jsinspector (from `../node_modules/react-native/ReactCommon/jsinspector`)
  - react-native-camera (from `../node_modules/react-native-camera`)
  - react-native-config (from `../node_modules/react-native-config`)
  - react-native-date-picker (from `../node_modules/react-native-date-picker`)
  - react-native-geolocation-service (from `../node_modules/react-native-geolocation-service`)
  - react-native-image-picker (from `../node_modules/react-native-image-picker`)
  - react-native-image-resizer (from `../node_modules/react-native-image-resizer`)
  - react-native-maps (from `../node_modules/react-native-maps`)
  - "react-native-netinfo (from `../node_modules/@react-native-community/netinfo`)"
  - react-native-onesignal (from `../node_modules/react-native-onesignal`)
  - react-native-safe-area-context (from `../node_modules/react-native-safe-area-context`)
  - react-native-webview (from `../node_modules/react-native-webview`)
  - React-perflogger (from `../node_modules/react-native/ReactCommon/reactperflogger`)
  - React-RCTActionSheet (from `../node_modules/react-native/Libraries/ActionSheetIOS`)
  - React-RCTAnimation (from `../node_modules/react-native/Libraries/NativeAnimation`)
  - React-RCTBlob (from `../node_modules/react-native/Libraries/Blob`)
  - React-RCTImage (from `../node_modules/react-native/Libraries/Image`)
  - React-RCTLinking (from `../node_modules/react-native/Libraries/LinkingIOS`)
  - React-RCTNetwork (from `../node_modules/react-native/Libraries/Network`)
  - React-RCTSettings (from `../node_modules/react-native/Libraries/Settings`)
  - React-RCTText (from `../node_modules/react-native/Libraries/Text`)
  - React-RCTVibration (from `../node_modules/react-native/Libraries/Vibration`)
  - React-runtimeexecutor (from `../node_modules/react-native/ReactCommon/runtimeexecutor`)
  - ReactCommon/turbomodule/core (from `../node_modules/react-native/ReactCommon`)
  - RNBackgroundFetch (from `../node_modules/react-native-background-fetch`)
  - "RNCAsyncStorage (from `../node_modules/@react-native-community/async-storage`)"
  - "RNCMaskedView (from `../node_modules/@react-native-community/masked-view`)"
  - "RNCPicker (from `../node_modules/@react-native-community/picker`)"
  - "RNDateTimePicker (from `../node_modules/@react-native-community/datetimepicker`)"
  - RNFastImage (from `../node_modules/react-native-fast-image`)
  - RNFileViewer (from `../node_modules/react-native-file-viewer`)
  - RNFS (from `../node_modules/react-native-fs`)
  - RNGestureHandler (from `../node_modules/react-native-gesture-handler`)
  - RNImageCropPicker (from `../node_modules/react-native-image-crop-picker`)
  - RNPermissions (from `../node_modules/react-native-permissions`)
  - RNReanimated (from `../node_modules/react-native-reanimated`)
  - RNScreens (from `../node_modules/react-native-screens`)
  - "RNSentry (from `../node_modules/@sentry/react-native`)"
  - RNVectorIcons (from `../node_modules/react-native-vector-icons`)
  - Yoga (from `../node_modules/react-native/ReactCommon/yoga`)

SPEC REPOS:
  trunk:
    - boost-for-react-native
    - CocoaAsyncSocket
    - Flipper
    - Flipper-Boost-iOSX
    - Flipper-DoubleConversion
    - Flipper-Fmt
    - Flipper-Folly
    - Flipper-Glog
    - Flipper-PeerTalk
    - Flipper-RSocket
    - FlipperKit
    - fmt
    - libevent
    - libwebp
    - OneSignalXCFramework
    - OpenSSL-Universal
    - SDWebImage
    - SDWebImageWebPCoder
    - Sentry
    - TOCropViewController
    - YogaKit

EXTERNAL SOURCES:
  BVLinearGradient:
    :path: "../node_modules/react-native-linear-gradient"
  DoubleConversion:
    :podspec: "../node_modules/react-native/third-party-podspecs/DoubleConversion.podspec"
  FBLazyVector:
    :path: "../node_modules/react-native/Libraries/FBLazyVector"
  FBReactNativeSpec:
    :path: "../node_modules/react-native/React/FBReactNativeSpec"
  glog:
    :podspec: "../node_modules/react-native/third-party-podspecs/glog.podspec"
  lottie-ios:
    :path: "../node_modules/lottie-ios"
  lottie-react-native:
    :path: "../node_modules/lottie-react-native"
  Permission-Camera:
    :path: "../node_modules/react-native-permissions/ios/Camera"
  Permission-LocationAccuracy:
    :path: "../node_modules/react-native-permissions/ios/LocationAccuracy"
  Permission-LocationAlways:
    :path: "../node_modules/react-native-permissions/ios/LocationAlways"
  Permission-LocationWhenInUse:
    :path: "../node_modules/react-native-permissions/ios/LocationWhenInUse"
  Permission-PhotoLibrary:
    :path: "../node_modules/react-native-permissions/ios/PhotoLibrary"
  RCT-Folly:
    :podspec: "../node_modules/react-native/third-party-podspecs/RCT-Folly.podspec"
  RCTRequired:
    :path: "../node_modules/react-native/Libraries/RCTRequired"
  RCTTypeSafety:
    :path: "../node_modules/react-native/Libraries/TypeSafety"
  React:
    :path: "../node_modules/react-native/"
  React-callinvoker:
    :path: "../node_modules/react-native/ReactCommon/callinvoker"
  React-Core:
    :path: "../node_modules/react-native/"
  React-CoreModules:
    :path: "../node_modules/react-native/React/CoreModules"
  React-cxxreact:
    :path: "../node_modules/react-native/ReactCommon/cxxreact"
  React-jsi:
    :path: "../node_modules/react-native/ReactCommon/jsi"
  React-jsiexecutor:
    :path: "../node_modules/react-native/ReactCommon/jsiexecutor"
  React-jsinspector:
    :path: "../node_modules/react-native/ReactCommon/jsinspector"
  react-native-camera:
    :path: "../node_modules/react-native-camera"
  react-native-config:
    :path: "../node_modules/react-native-config"
  react-native-date-picker:
    :path: "../node_modules/react-native-date-picker"
  react-native-geolocation-service:
    :path: "../node_modules/react-native-geolocation-service"
  react-native-image-picker:
    :path: "../node_modules/react-native-image-picker"
  react-native-image-resizer:
    :path: "../node_modules/react-native-image-resizer"
  react-native-maps:
    :path: "../node_modules/react-native-maps"
  react-native-netinfo:
    :path: "../node_modules/@react-native-community/netinfo"
  react-native-onesignal:
    :path: "../node_modules/react-native-onesignal"
  react-native-safe-area-context:
    :path: "../node_modules/react-native-safe-area-context"
  react-native-webview:
    :path: "../node_modules/react-native-webview"
  React-perflogger:
    :path: "../node_modules/react-native/ReactCommon/reactperflogger"
  React-RCTActionSheet:
    :path: "../node_modules/react-native/Libraries/ActionSheetIOS"
  React-RCTAnimation:
    :path: "../node_modules/react-native/Libraries/NativeAnimation"
  React-RCTBlob:
    :path: "../node_modules/react-native/Libraries/Blob"
  React-RCTImage:
    :path: "../node_modules/react-native/Libraries/Image"
  React-RCTLinking:
    :path: "../node_modules/react-native/Libraries/LinkingIOS"
  React-RCTNetwork:
    :path: "../node_modules/react-native/Libraries/Network"
  React-RCTSettings:
    :path: "../node_modules/react-native/Libraries/Settings"
  React-RCTText:
    :path: "../node_modules/react-native/Libraries/Text"
  React-RCTVibration:
    :path: "../node_modules/react-native/Libraries/Vibration"
  React-runtimeexecutor:
    :path: "../node_modules/react-native/ReactCommon/runtimeexecutor"
  ReactCommon:
    :path: "../node_modules/react-native/ReactCommon"
  RNBackgroundFetch:
    :path: "../node_modules/react-native-background-fetch"
  RNCAsyncStorage:
    :path: "../node_modules/@react-native-community/async-storage"
  RNCMaskedView:
    :path: "../node_modules/@react-native-community/masked-view"
  RNCPicker:
    :path: "../node_modules/@react-native-community/picker"
  RNDateTimePicker:
    :path: "../node_modules/@react-native-community/datetimepicker"
  RNFastImage:
    :path: "../node_modules/react-native-fast-image"
  RNFileViewer:
    :path: "../node_modules/react-native-file-viewer"
  RNFS:
    :path: "../node_modules/react-native-fs"
  RNGestureHandler:
    :path: "../node_modules/react-native-gesture-handler"
  RNImageCropPicker:
    :path: "../node_modules/react-native-image-crop-picker"
  RNPermissions:
    :path: "../node_modules/react-native-permissions"
  RNReanimated:
    :path: "../node_modules/react-native-reanimated"
  RNScreens:
    :path: "../node_modules/react-native-screens"
  RNSentry:
    :path: "../node_modules/@sentry/react-native"
  RNVectorIcons:
    :path: "../node_modules/react-native-vector-icons"
  Yoga:
    :path: "../node_modules/react-native/ReactCommon/yoga"

SPEC CHECKSUMS:
  boost-for-react-native: 39c7adb57c4e60d6c5479dd8623128eb5b3f0f2c
  BVLinearGradient: e3aad03778a456d77928f594a649e96995f1c872
  CocoaAsyncSocket: 065fd1e645c7abab64f7a6a2007a48038fdc6a99
  DoubleConversion: 831926d9b8bf8166fd87886c4abab286c2422662
  FBLazyVector: 55f5afbbb8f5021a000c3d9289820d17cbc541b3
  FBReactNativeSpec: c2d85d69490fc5666bc4123dff3b9b72db06a987
  Flipper: b1fddf9a17c32097b2b4c806ad158b2f36bb2692
  Flipper-Boost-iOSX: fd1e2b8cbef7e662a122412d7ac5f5bea715403c
  Flipper-DoubleConversion: 57ffbe81ef95306cc9e69c4aa3aeeeeb58a6a28c
  Flipper-Fmt: 60cbdd92fc254826e61d669a5d87ef7015396a9b
  Flipper-Folly: 83af37379faa69497529e414bd43fbfc7cae259a
  Flipper-Glog: 1dfd6abf1e922806c52ceb8701a3599a79a200a6
  Flipper-PeerTalk: 116d8f857dc6ef55c7a5a75ea3ceaafe878aadc9
  Flipper-RSocket: d9d9ade67cbecf6ac10730304bf5607266dd2541
  FlipperKit: aec2d931adeee48a07bab1ea8bcc8a6bb87dfce4
  fmt: ff9d55029c625d3757ed641535fd4a75fedc7ce9
  glog: 5337263514dd6f09803962437687240c5dc39aa4
  libevent: 4049cae6c81cdb3654a443be001fb9bdceff7913
  libwebp: 98a37e597e40bfdb4c911fc98f2c53d0b12d05fc
  lottie-ios: c058aeafa76daa4cf64d773554bccc8385d0150e
  lottie-react-native: b561920bba7ec727ec94a473b683cffba00faece
  OneSignalXCFramework: cd6290d43d4f7dd0443d34e7be8b95996417644e
  OpenSSL-Universal: 1aa4f6a6ee7256b83db99ec1ccdaa80d10f9af9b
  Permission-Camera: 24c37a846ff69e0eb7fd4264346550850d5b707a
  Permission-LocationAccuracy: bdcb49d8a0112f5e09cb9860a28f69cbfa65fbbe
  Permission-LocationAlways: 92bf7638da5852ddba7c29fda18ecd0ac246c813
  Permission-LocationWhenInUse: 1c1f3c5dc7e33029c0a4a0846b97b4bf89d3244b
  Permission-PhotoLibrary: 48e58291bd650b4f197cf542dad53f41dea4e84f
  RCT-Folly: 0dd9e1eb86348ecab5ba76f910b56f4b5fef3c46
  RCTRequired: 564b40c9e3d5f4d766333577782408770a61dae9
  RCTTypeSafety: d5c4035b39ffc8b86c56577457888ea70044cdc6
  React: 743892a7daf1f5d3e1eaa6f0a31dd39d0302dc70
  React-callinvoker: 25fe3c8d05d5b7deaaf0cedde4f683002da3b731
  React-Core: f1bcd788883f37752437e9568ad9b0f257cb7f10
  React-CoreModules: bd62bfb939055c37195cada907c9e6df3ddbe52a
  React-cxxreact: 6d8ac3b0f853f0d5e5de80f5784ddc144a9da23f
  React-jsi: 875bcbe2037c9cae07fbda7dd5827fbca06cbdc6
  React-jsiexecutor: 11ec08ad247abb44113ccb3d2b66f7e856d1cdf4
  React-jsinspector: 2aa5dc1b9a02a81c0dcc70c00f2cbe1cd4b875c4
  react-native-camera: fefef39fcd20850d17c3780638b04f741e0ccaae
  react-native-config: 72d948053a442779b3178fddd571e37f118ef606
  react-native-date-picker: 201b481c94dcb7678f4712477ad026dd7793305b
  react-native-geolocation-service: 7c9436da6dfdecd9526c62eac62ea2bc3f0cc8ea
  react-native-image-picker: 32d1ad2c0024ca36161ae0d5c2117e2d6c441f11
  react-native-image-resizer: 506412a2bdd70dde64a61e13505ce10f61a04369
  react-native-maps: f4b89da81626ad7f151a8bfcb79733295d31ce5c
  react-native-netinfo: 52cf0ee8342548a485e28f4b09e56b477567244d
  react-native-onesignal: 13a54e5a8e7f6fa2d7bb898566f30c1e8c6830d2
  react-native-safe-area-context: 5cf05f49df9d17261e40e518481f2e334c6cd4b5
  react-native-webview: ef8d30ecc5baf6bf7821690180c2f9bf2bdf00c0
  React-perflogger: 494c61caaf9b7da0a0a612fa4ed570ab7ab5819b
  React-RCTActionSheet: 0ea18583618e2451889be1ce1f658ae8cb436b2e
  React-RCTAnimation: 487a44abe7f082afa2997add929765b9c81d4abc
  React-RCTBlob: 8c9a87d13fd9c0f5d25fb016c1f951f705a1aabe
  React-RCTImage: 3c1ac8efb48dd024348827532207fd18f27b4608
  React-RCTLinking: 7114aff83c2e580706c98fe9c7e520c0d72145ea
  React-RCTNetwork: 8e9177062891464e6f088c0c049afae9da997aad
  React-RCTSettings: 72a6b5009677ea953b1a8064a9aed260dc920d31
  React-RCTText: ed7b3a058180d5d8fff193478158b5e6bb680c3a
  React-RCTVibration: ca17687ea259e8b6bbd4ad74f1f6ec87bff845d8
  React-runtimeexecutor: a9a1ac6a60389c3c588fd9b9158a30ed4d8d28a4
  ReactCommon: c11b11a5dc8187826144b7b3d72125c77a1b7b1a
  RNBackgroundFetch: f039f07687b74039bbf4faef42d2f7526b7252b3
  RNCAsyncStorage: cb9a623793918c6699586281f0b51cbc38f046f9
  RNCMaskedView: f127cd9652acfa31b91dcff613e07ba18b774db6
  RNCPicker: 914b557e20b3b8317b084aca9ff4b4edb95f61e4
  RNDateTimePicker: c9911be59b1f8670b9f244b85af3a7c295e175ed
  RNFastImage: 1f2cab428712a4baaf78d6169eaec7f622556dd7
  RNFileViewer: 83cc066ad795b1f986791d03b56fe0ee14b6a69f
  RNFS: 3ab21fa6c56d65566d1fb26c2228e2b6132e5e32
  RNGestureHandler: a479ebd5ed4221a810967000735517df0d2db211
  RNImageCropPicker: 530e8b69d97f80e03bc9f3b2cb64412312824330
  RNPermissions: 3e5bb8afd93c787681bbacbf54d586a6272ecc92
  RNReanimated: 514a11da3a2bcc6c3dfd9de32b38e2b9bf101926
  RNScreens: f7ad633b2e0190b77b6a7aab7f914fad6f198d8d
  RNSentry: 1adaa43b01c6a3ab5091d4d1add66b7c58558898
  RNVectorIcons: bc69e6a278b14842063605de32bec61f0b251a59
  SDWebImage: a7f831e1a65eb5e285e3fb046a23fcfbf08e696d
  SDWebImageWebPCoder: f93010f3f6c031e2f8fb3081ca4ee6966c539815
  Sentry: 8fa58a051237554f22507fb483b9a1de0171a2dc
  TOCropViewController: 3105367e808b7d3d886a74ff59bf4804e7d3ab38
  Yoga: 1561f557b0c2b6047a91f7619f666134e2288916
  YogaKit: f782866e155069a2cca2517aafea43200b01fd5a

PODFILE CHECKSUM: 64697768bcbdcf8bd0e60e721f0700a67b2ddc21

COCOAPODS: 1.11.2
